
Microsoft Visual Studio Solution File, Format Version 12.00
# Visual Studio Version 17
VisualStudioVersion = 17.10.35122.118
MinimumVisualStudioVersion = 10.0.40219.1
Project("{2150E333-8FDC-42A3-9474-1A3956D46DE8}") = "src", "src", "{04968C91-215B-41F5-A453-F53DB868959A}"
EndProject
Project("{2150E333-8FDC-42A3-9474-1A3956D46DE8}") = "tests", "tests", "{1AAB4E9A-B427-4DB3-8022-FDDABB01D9B3}"
EndProject
Project("{9A19103F-16F7-4668-BE54-9A1E7A4F7556}") = "Domain", "src\Domain\Domain.csproj", "{674CBF79-9FEC-4394-ADA9-2550E07E1C99}"
EndProject
Project("{9A19103F-16F7-4668-BE54-9A1E7A4F7556}") = "Infrastructure", "src\Infrastructure\Infrastructure.csproj", "{0EA2FE79-1AA7-48ED-96B1-66E5D796B1BE}"
EndProject
Project("{9A19103F-16F7-4668-BE54-9A1E7A4F7556}") = "Application", "src\Application\Application.csproj", "{24E6E93E-E3C8-4E90-A11F-0C03509DECCE}"
EndProject
Project("{9A19103F-16F7-4668-BE54-9A1E7A4F7556}") = "Migrations", "src\Migrations\Migrations.csproj", "{90A857AB-10A6-41F1-85F7-DD292BB2F2F5}"
EndProject
Project("{9A19103F-16F7-4668-BE54-9A1E7A4F7556}") = "Application.UnitTests", "tests\Application.UnitTests\Application.UnitTests.csproj", "{73D388B6-2A58-483D-B1ED-F76DCA583E83}"
EndProject
Project("{9A19103F-16F7-4668-BE54-9A1E7A4F7556}") = "WebApi", "src\WebApi\WebApi.csproj", "{37E431AF-800B-496D-920E-2E9BC5C2FAC0}"
EndProject
Project("{E53339B2-1760-4266-BCC7-CA923CBCF16C}") = "docker-compose", "docker-compose.dcproj", "{C609412E-7BDE-4C29-BE1A-F74EB9E081A9}"
EndProject
Global
	GlobalSection(SolutionConfigurationPlatforms) = preSolution
		Debug|Any CPU = Debug|Any CPU
		Release|Any CPU = Release|Any CPU
	EndGlobalSection
	GlobalSection(ProjectConfigurationPlatforms) = postSolution
		{674CBF79-9FEC-4394-ADA9-2550E07E1C99}.Debug|Any CPU.ActiveCfg = Debug|Any CPU
		{674CBF79-9FEC-4394-ADA9-2550E07E1C99}.Debug|Any CPU.Build.0 = Debug|Any CPU
		{674CBF79-9FEC-4394-ADA9-2550E07E1C99}.Release|Any CPU.ActiveCfg = Release|Any CPU
		{674CBF79-9FEC-4394-ADA9-2550E07E1C99}.Release|Any CPU.Build.0 = Release|Any CPU
		{0EA2FE79-1AA7-48ED-96B1-66E5D796B1BE}.Debug|Any CPU.ActiveCfg = Debug|Any CPU
		{0EA2FE79-1AA7-48ED-96B1-66E5D796B1BE}.Debug|Any CPU.Build.0 = Debug|Any CPU
		{0EA2FE79-1AA7-48ED-96B1-66E5D796B1BE}.Release|Any CPU.ActiveCfg = Release|Any CPU
		{0EA2FE79-1AA7-48ED-96B1-66E5D796B1BE}.Release|Any CPU.Build.0 = Release|Any CPU
		{24E6E93E-E3C8-4E90-A11F-0C03509DECCE}.Debug|Any CPU.ActiveCfg = Debug|Any CPU
		{24E6E93E-E3C8-4E90-A11F-0C03509DECCE}.Debug|Any CPU.Build.0 = Debug|Any CPU
		{24E6E93E-E3C8-4E90-A11F-0C03509DECCE}.Release|Any CPU.ActiveCfg = Release|Any CPU
		{24E6E93E-E3C8-4E90-A11F-0C03509DECCE}.Release|Any CPU.Build.0 = Release|Any CPU
		{90A857AB-10A6-41F1-85F7-DD292BB2F2F5}.Debug|Any CPU.ActiveCfg = Debug|Any CPU
		{90A857AB-10A6-41F1-85F7-DD292BB2F2F5}.Debug|Any CPU.Build.0 = Debug|Any CPU
		{90A857AB-10A6-41F1-85F7-DD292BB2F2F5}.Release|Any CPU.ActiveCfg = Release|Any CPU
		{90A857AB-10A6-41F1-85F7-DD292BB2F2F5}.Release|Any CPU.Build.0 = Release|Any CPU
		{73D388B6-2A58-483D-B1ED-F76DCA583E83}.Debug|Any CPU.ActiveCfg = Debug|Any CPU
		{73D388B6-2A58-483D-B1ED-F76DCA583E83}.Debug|Any CPU.Build.0 = Debug|Any CPU
		{73D388B6-2A58-483D-B1ED-F76DCA583E83}.Release|Any CPU.ActiveCfg = Release|Any CPU
		{73D388B6-2A58-483D-B1ED-F76DCA583E83}.Release|Any CPU.Build.0 = Release|Any CPU
		{37E431AF-800B-496D-920E-2E9BC5C2FAC0}.Debug|Any CPU.ActiveCfg = Debug|Any CPU
		{37E431AF-800B-496D-920E-2E9BC5C2FAC0}.Debug|Any CPU.Build.0 = Debug|Any CPU
		{37E431AF-800B-496D-920E-2E9BC5C2FAC0}.Release|Any CPU.ActiveCfg = Release|Any CPU
		{37E431AF-800B-496D-920E-2E9BC5C2FAC0}.Release|Any CPU.Build.0 = Release|Any CPU
		{C609412E-7BDE-4C29-BE1A-F74EB9E081A9}.Debug|Any CPU.ActiveCfg = Debug|Any CPU
		{C609412E-7BDE-4C29-BE1A-F74EB9E081A9}.Debug|Any CPU.Build.0 = Debug|Any CPU
		{C609412E-7BDE-4C29-BE1A-F74EB9E081A9}.Release|Any CPU.ActiveCfg = Release|Any CPU
		{C609412E-7BDE-4C29-BE1A-F74EB9E081A9}.Release|Any CPU.Build.0 = Release|Any CPU
	EndGlobalSection
	GlobalSection(SolutionProperties) = preSolution
		HideSolutionNode = FALSE
	EndGlobalSection
	GlobalSection(NestedProjects) = preSolution
		{674CBF79-9FEC-4394-ADA9-2550E07E1C99} = {04968C91-215B-41F5-A453-F53DB868959A}
		{0EA2FE79-1AA7-48ED-96B1-66E5D796B1BE} = {04968C91-215B-41F5-A453-F53DB868959A}
		{24E6E93E-E3C8-4E90-A11F-0C03509DECCE} = {04968C91-215B-41F5-A453-F53DB868959A}
		{90A857AB-10A6-41F1-85F7-DD292BB2F2F5} = {04968C91-215B-41F5-A453-F53DB868959A}
		{73D388B6-2A58-483D-B1ED-F76DCA583E83} = {1AAB4E9A-B427-4DB3-8022-FDDABB01D9B3}
		{37E431AF-800B-496D-920E-2E9BC5C2FAC0} = {04968C91-215B-41F5-A453-F53DB868959A}
	EndGlobalSection
	GlobalSection(ExtensibilityGlobals) = postSolution
		SolutionGuid = {D9EC1821-4783-4CB0-8BD6-4A4E3D63B10D}
	EndGlobalSection
EndGlobal
